
Microsoft Visual Studio Solution File, Format Version 12.00
# Visual Studio Version 17
VisualStudioVersion = 17.1.32328.378
MinimumVisualStudioVersion = 10.0.40219.1
Project("{FAE04EC0-301F-11D3-BF4B-00C04F79EFBC}") = "NoblegardenInstaller", "NoblegardenInstaller.csproj", "{9C8D0239-D629-408A-A8D4-204FAC725C41}"
EndProject
Global
	GlobalSection(SolutionConfigurationPlatforms) = preSolution
		Debug|Any CPU = Debug|Any CPU
		Release|Any CPU = Release|Any CPU
	EndGlobalSection
	GlobalSection(ProjectConfigurationPlatforms) = postSolution
		{9C8D0239-D629-408A-A8D4-204FAC725C41}.Debug|Any CPU.ActiveCfg = Debug|Any CPU
		{9C8D0239-D629-408A-A8D4-204FAC725C41}.Debug|Any CPU.Build.0 = Debug|Any CPU
		{9C8D0239-D629-408A-A8D4-204FAC725C41}.Release|Any CPU.ActiveCfg = Release|Any CPU
		{9C8D0239-D629-408A-A8D4-204FAC725C41}.Release|Any CPU.Build.0 = Release|Any CPU
	EndGlobalSection
	GlobalSection(SolutionProperties) = preSolution
		HideSolutionNode = FALSE
	EndGlobalSection
	GlobalSection(ExtensibilityGlobals) = postSolution
		SolutionGuid = {1E3497B7-9BCA-482A-8C76-EF00A4AE4196}
	EndGlobalSection
EndGlobal
